#MicroXplorer Configuration settings - do not modify
Mcu.Family=STM32F4
ProjectManager.MainLocation=Src
PH0-OSC_IN.Locked=true
PB13.GPIOParameters=GPIO_Label
PC7.GPIOParameters=GPIO_Label
PH0-OSC_IN.Signal=RCC_OSC_IN
RCC.CortexFreq_Value=16000000
ProjectManager.KeepUserCode=true
Mcu.UserName=STM32F446RETx
PC12.Locked=true
SH.ADCx_IN2.0=ADC3_IN2,IN2
PC10.Locked=true
RCC.PLLCLKFreq_Value=96000000
PC10.Signal=GPIO_Input
PC12.Signal=GPIO_Input
PB14.GPIO_Label=nPB_6_SCI
RCC.PLLQCLKFreq_Value=96000000
PC7.Locked=true
ProjectManager.functionlistsort=1-MX_GPIO_Init-GPIO-false-HAL-true,2-SystemClock_Config-RCC-false-HAL-false,3-MX_ADC1_Init-ADC1-false-HAL-true,4-MX_ADC2_Init-ADC2-false-HAL-true,5-MX_USART2_UART_Init-USART2-false-HAL-true,6-MX_USART6_UART_Init-USART6-false-HAL-true,7-MX_USB_OTG_FS_PCD_Init-USB_OTG_FS-false-HAL-true
PC0.GPIOParameters=GPIO_Label
PA9.GPIOParameters=GPIO_Label
PC0.GPIO_Label=nJOY_BTN_GD
PC6.GPIO_Label=nPB_4_SCI
PC3.Locked=true
PA11.Mode=Device_Only
PA3.GPIOParameters=GPIO_Label
PC9.Locked=true
PA6.GPIO_Label=JOY1_X_ARM
PB0.GPIO_Label=JOY3_X_ARM
PB6.GPIO_Label=nSW_A_ARM
RCC.PLLI2SRCLKFreq_Value=96000000
PD2.Locked=true
PD2.GPIOParameters=GPIO_Label
PC13.GPIO_Label=nLED_R
PC1.Locked=true
PB13.GPIO_Label=nPB_7_SCI
PB13.Signal=GPIO_Input
PB15.Signal=GPIO_Input
RCC.SAIAFreq_Value=96000000
PA2.GPIOParameters=GPIO_Label
PC15-OSC32_OUT.GPIO_Label=nLED_B
PinOutPanel.RotationAngle=0
ProjectManager.StackSize=0x400
PB5.GPIOParameters=GPIO_Label
RCC.PLLSource=RCC_PLLSOURCE_HSI
ADC3.SamplingTime-4\#ChannelRegularConversion=ADC_SAMPLETIME_3CYCLES
Mcu.IP4=RCC
Mcu.IP5=SYS
Mcu.IP2=ADC3
NVIC.SVCall_IRQn=true\:0\:0\:false\:false\:true\:false\:false
Mcu.IP3=NVIC
PB4.GPIOParameters=GPIO_Label
Mcu.IP0=ADC1
Mcu.IP1=ADC2
PA12.Signal=USB_OTG_FS_DP
Mcu.UserConstants=
PC1.GPIOParameters=GPIO_Label
Mcu.ThirdPartyNb=0
RCC.SDIOFreq_Value=96000000
SH.ADCx_IN3.0=ADC1_IN3,IN3
Mcu.IPNb=7
ProjectManager.PreviousToolchain=
PB6.Signal=GPIO_Input
ADC1.Channel-2\#ChannelRegularConversion=ADC_CHANNEL_4
PC7.Signal=GPIO_Input
SH.ADCx_IN3.ConfNb=1
PC3.Signal=ADCx_IN13
SH.ADCx_IN7.ConfNb=1
PA8.GPIOParameters=GPIO_Label
Mcu.Pin6=PC1
Mcu.Pin7=PC2
Mcu.Pin8=PC3
Mcu.Pin9=PA0-WKUP
RCC.VCOSAIOutputFreq_Value=192000000
PH0-OSC_IN.Mode=HSE-External-Oscillator
PB13.Locked=true
Mcu.Pin0=PC13
Mcu.Pin1=PC14-OSC32_IN
GPIO.groupedBy=Group By Peripherals
Mcu.Pin2=PC15-OSC32_OUT
Mcu.Pin3=PH0-OSC_IN
Mcu.Pin4=PH1-OSC_OUT
PA0-WKUP.GPIOParameters=GPIO_Label
Mcu.Pin5=PC0
ProjectManager.ProjectBuild=false
NVIC.UsageFault_IRQn=true\:0\:0\:false\:false\:true\:false\:false
NVIC.DebugMonitor_IRQn=true\:0\:0\:false\:false\:true\:false\:false
PB2.Signal=GPIO_Input
PB3.Mode=JTAG_4_pins
PA8.Locked=true
SH.ADCx_IN14.ConfNb=1
SH.ADCx_IN15.0=ADC2_IN15,IN15
PA15.Mode=JTAG_4_pins
NVIC.SysTick_IRQn=true\:0\:0\:false\:false\:true\:false\:true
PB12.GPIO_Label=nPB_8_SCI
ProjectManager.FirmwarePackage=STM32Cube FW_F4 V1.25.2
MxDb.Version=DB.6.0.0
PB0.GPIOParameters=GPIO_Label
ADC1.Rank-2\#ChannelRegularConversion=1
PA1.GPIOParameters=GPIO_Label
ProjectManager.BackupPrevious=false
RCC.VCOInputFreq_Value=1000000
PC4.GPIO_Label=JOY2_X_ARM
PA14.Mode=JTAG_4_pins
SH.ADCx_IN1.ConfNb=1
PB1.GPIO_Label=nJOY1_BTN_ARM
PC11.GPIO_Label=nPB_4_ARM
File.Version=6
PA10.GPIO_Label=nPB_1_GD
SH.ADCx_IN8.0=ADC2_IN8,IN8
PH1-OSC_OUT.Locked=true
ADC3.IPParameters=Rank-4\#ChannelRegularConversion,Channel-4\#ChannelRegularConversion,SamplingTime-4\#ChannelRegularConversion,NbrOfConversionFlag
SH.ADCx_IN13.ConfNb=1
SH.ADCx_IN11.ConfNb=1
PB7.Signal=GPIO_Input
PA8.Signal=GPIO_Input
PB8.Locked=true
RCC.PLLRCLKFreq_Value=96000000
SH.ADCx_IN0.0=ADC3_IN0,IN0
SH.ADCx_IN4.ConfNb=1
PB6.Locked=true
NVIC.PendSV_IRQn=true\:0\:0\:false\:false\:true\:false\:false
SH.ADCx_IN6.ConfNb=1
PB6.GPIOParameters=GPIO_Label
ADC3.Rank-4\#ChannelRegularConversion=1
ProjectManager.HalAssertFull=false
PC14-OSC32_IN.GPIOParameters=GPIO_Label
ProjectManager.ProjectName=CompleteController
PH1-OSC_OUT.Mode=HSE-External-Oscillator
PB7.GPIO_Label=nSW_B_GD
PC8.GPIOParameters=GPIO_Label
Mcu.Package=LQFP64
PB9.Signal=GPIO_Input
PB1.Signal=GPIO_Input
PA6.Signal=ADCx_IN6
PA5.Locked=true
SH.ADCx_IN14.0=ADC2_IN14,IN14
PA14.Locked=true
ProjectManager.ToolChainLocation=
PA2.GPIO_Label=JOY_SM_X_GD
VP_SYS_VS_Systick.Signal=SYS_VS_Systick
PA10.Signal=GPIO_Input
USB_OTG_FS.VirtualMode=Device_Only
PA15.Signal=SYS_JTDI
PA5.GPIOParameters=GPIO_Label
PB14.GPIOParameters=GPIO_Label
SH.ADCx_IN1.0=ADC3_IN1,IN1
PB5.GPIO_Label=nSW_B_ARM
RCC.CECFreq_Value=32786.88524590164
NVIC.BusFault_IRQn=true\:0\:0\:false\:false\:true\:false\:false
PC14-OSC32_IN.GPIO_Label=nLED_G
PC5.Signal=ADCx_IN15
USB_OTG_FS.IPParameters=VirtualMode
PB10.GPIOParameters=GPIO_Label
PC15-OSC32_OUT.GPIOParameters=GPIO_Label
ADC2.Channel-5\#ChannelRegularConversion=ADC_CHANNEL_6
RCC.SAIBFreq_Value=96000000
PA4.GPIO_Label=JOY_X_SCI
PC2.GPIO_Label=SLIDE_POT_ARM
ProjectManager.CustomerFirmwarePackage=
PC4.GPIOParameters=GPIO_Label
PC14-OSC32_IN.Locked=true
RCC.PLLSAIQCLKFreq_Value=96000000
PB15.Locked=true
PB3.Locked=true
PB4.Signal=GPIO_Input
PA3.Signal=ADCx_IN3
PA6.GPIOParameters=GPIO_Label
RCC.PLLSourceVirtual=RCC_PLLSOURCE_HSI
ProjectManager.ProjectFileName=CompleteController.ioc
SH.ADCx_IN13.0=ADC3_IN13,IN13
PB8.GPIOParameters=GPIO_Label
PB9.GPIO_Label=nJOY_BTN_SCI
PC10.GPIO_Label=nPB_5_ARM
Mcu.PinsNb=51
PC9.GPIO_Label=nPB_1_SCI
ProjectManager.NoMain=false
PC11.Locked=true
SH.ADCx_IN6.0=ADC2_IN6,IN6
ADC1.IPParameters=Rank-2\#ChannelRegularConversion,master,Channel-2\#ChannelRegularConversion,SamplingTime-2\#ChannelRegularConversion,NbrOfConversionFlag
PC13.Locked=true
PC13.Signal=GPIO_Output
PA9.GPIO_Label=nPB_2_GD
PC11.Signal=GPIO_Input
RCC.VCOI2SInputFreq_Value=1000000
PC8.Signal=GPIO_Input
PC2.Signal=ADCx_IN12
PC4.Signal=ADCx_IN14
PC6.Signal=GPIO_Input
ProjectManager.DefaultFWLocation=true
PB12.Locked=true
ProjectManager.DeletePrevious=true
PC0.Signal=GPIO_Input
PB14.Locked=true
PB10.Locked=true
PC14-OSC32_IN.Signal=GPIO_Output
PC11.GPIOParameters=GPIO_Label
ADC2.SamplingTime-5\#ChannelRegularConversion=ADC_SAMPLETIME_3CYCLES
ADC1.SamplingTime-2\#ChannelRegularConversion=ADC_SAMPLETIME_3CYCLES
RCC.FamilyName=M
PA0-WKUP.GPIO_Label=JOY_X_GD
PA0-WKUP.Signal=ADCx_IN0
PB9.GPIOParameters=GPIO_Label
PC3.GPIOParameters=GPIO_Label
PC8.GPIO_Label=nPB_2_SCI
PC12.GPIOParameters=GPIO_Label
PA13.Signal=SYS_JTMS-SWDIO
PB8.GPIO_Label=nSW_A_GD
SH.ADCx_IN12.0=ADC2_IN12,IN12
PA15.Locked=true
PA8.GPIO_Label=nPB_3_GD
PC15-OSC32_OUT.Locked=true
ProjectManager.TargetToolchain=EWARM V8.32
ADC3.Channel-4\#ChannelRegularConversion=ADC_CHANNEL_0
PB10.GPIO_Label=nJOY3_BTN_ARM
SH.ADCx_IN7.0=ADC2_IN7,IN7
Mcu.Pin50=VP_SYS_VS_Systick
PB7.GPIOParameters=GPIO_Label
ADC2.IPParameters=Rank-5\#ChannelRegularConversion,Channel-5\#ChannelRegularConversion,SamplingTime-5\#ChannelRegularConversion,NbrOfConversionFlag
PC5.GPIOParameters=GPIO_Label
PC6.Locked=true
PB2.GPIOParameters=GPIO_Label
PA9.Signal=GPIO_Input
PB5.Locked=true
PB9.Locked=true
PC2.Locked=true
ProjectManager.RegisterCallBack=
RCC.USBFreq_Value=96000000
PC15-OSC32_OUT.Signal=GPIO_Output
PA1.Signal=ADCx_IN1
Mcu.Pin48=PB8
Mcu.Pin49=PB9
PB1.Locked=true
Mcu.Pin46=PB6
Mcu.Pin47=PB7
PB10.Signal=GPIO_Input
RCC.VCOI2SOutputFreq_Value=192000000
PB14.Signal=GPIO_Input
PA5.Signal=ADCx_IN5
Mcu.Pin40=PC11
Mcu.Pin41=PC12
Mcu.Pin44=PB4
Mcu.Pin45=PB5
Mcu.Pin42=PD2
RCC.PLLSAIPCLKFreq_Value=96000000
board=custom
Mcu.Pin43=PB3
RCC.VCOOutputFreq_Value=192000000
ProjectManager.LastFirmware=true
SH.ADCx_IN11.0=ADC3_IN11,IN11
ADC2.Rank-5\#ChannelRegularConversion=1
MxCube.Version=6.0.1
Mcu.Pin37=PA14
PB4.GPIO_Label=nPB_1_ARM
Mcu.Pin38=PA15
PB15.GPIO_Label=nPB_5_SCI
Mcu.Pin35=PA12
Mcu.Pin36=PA13
RCC.PLLI2SPCLKFreq_Value=96000000
PC13.GPIOParameters=GPIO_Label
SH.ADCx_IN0.ConfNb=1
Mcu.Pin39=PC10
SH.ADCx_IN2.ConfNb=1
PC2.GPIOParameters=GPIO_Label
Mcu.Pin30=PC9
PA1.GPIO_Label=JOY_SM_Y_GD
PC1.GPIO_Label=SLIDE_POT_GD
PA10.GPIOParameters=GPIO_Label
VP_SYS_VS_Systick.Mode=SysTick
SH.ADCx_IN12.ConfNb=1
Mcu.Pin33=PA10
PH1-OSC_OUT.Signal=RCC_OSC_OUT
Mcu.Pin34=PA11
SH.ADCx_IN15.ConfNb=1
Mcu.Pin31=PA8
SH.ADCx_IN4.0=ADC1_IN4,IN4
Mcu.Pin32=PA9
PA9.Locked=true
NVIC.NonMaskableInt_IRQn=true\:0\:0\:false\:false\:true\:false\:false
PA4.GPIOParameters=GPIO_Label
PC10.GPIOParameters=GPIO_Label
SH.ADCx_IN8.ConfNb=1
PB15.GPIOParameters=GPIO_Label
PA13.Mode=JTAG_4_pins
ProjectManager.FreePins=false
RCC.IPParameters=CECFreq_Value,CortexFreq_Value,FamilyName,PLLCLKFreq_Value,PLLI2SPCLKFreq_Value,PLLI2SQCLKFreq_Value,PLLI2SRCLKFreq_Value,PLLQCLKFreq_Value,PLLRCLKFreq_Value,PLLSAIPCLKFreq_Value,PLLSAIQCLKFreq_Value,PLLSource,PLLSourceVirtual,SAIAFreq_Value,SAIBFreq_Value,SDIOFreq_Value,USBFreq_Value,VCOI2SInputFreq_Value,VCOI2SOutputFreq_Value,VCOInputFreq_Value,VCOOutputFreq_Value,VCOSAIInputFreq_Value,VCOSAIOutputFreq_Value
PC9.GPIOParameters=GPIO_Label
ProjectManager.AskForMigrate=true
Mcu.Name=STM32F446R(C-E)Tx
RCC.PLLI2SQCLKFreq_Value=96000000
Mcu.Pin26=PB15
Mcu.Pin27=PC6
PA2.Signal=ADCx_IN2
Mcu.Pin24=PB13
ProjectManager.UnderRoot=false
Mcu.Pin25=PB14
PB2.Locked=true
PC7.GPIO_Label=nPB_3_SCI
Mcu.Pin28=PC7
Mcu.IP6=USB_OTG_FS
Mcu.Pin29=PC8
RCC.VCOSAIInputFreq_Value=1000000
ProjectManager.CoupleFile=false
PB4.Locked=true
PB3.Signal=SYS_JTDO-SWO
PA4.Signal=ADCx_IN4
Mcu.Pin22=PB10
PB5.Signal=GPIO_Input
Mcu.Pin23=PB12
PA1.Locked=true
PA7.GPIO_Label=JOY2_Y_ARM
Mcu.Pin20=PB1
ADC1.master=1
PA3.Locked=true
Mcu.Pin21=PB2
PA12.Mode=Device_Only
PA5.GPIO_Label=JOY1_Y_ARM
PA10.Locked=true
ADC2.NbrOfConversionFlag=1
NVIC.ForceEnableDMAVector=true
KeepUserPlacement=false
PC5.GPIO_Label=JOY3_Y_ARM
NVIC.MemoryManagement_IRQn=true\:0\:0\:false\:false\:true\:false\:false
PA13.Locked=true
PC12.GPIO_Label=nPB_3_ARM
ProjectManager.CompilerOptimize=6
PA11.Signal=USB_OTG_FS_DM
PA14.Signal=SYS_JTCK-SWCLK
PB2.GPIO_Label=nJOY2_BTN_ARM
ProjectManager.HeapSize=0x200
Mcu.Pin15=PA6
NVIC.HardFault_IRQn=true\:0\:0\:false\:false\:true\:false\:false
Mcu.Pin16=PA7
Mcu.Pin13=PA4
Mcu.Pin14=PA5
PC6.GPIOParameters=GPIO_Label
Mcu.Pin19=PB0
ProjectManager.ComputerToolchain=false
Mcu.Pin17=PC4
Mcu.Pin18=PC5
SH.ADCx_IN5.0=ADC2_IN5,IN5
NVIC.PriorityGroup=NVIC_PRIORITYGROUP_4
ADC1.NbrOfConversionFlag=1
Mcu.Pin11=PA2
Mcu.Pin12=PA3
Mcu.Pin10=PA1
PB7.Locked=true
PB8.Signal=GPIO_Input
PC3.GPIO_Label=JOY_Y_GD
PC8.Locked=true
SH.ADCx_IN5.ConfNb=1
PC9.Signal=GPIO_Input
PD2.Signal=GPIO_Input
ADC3.NbrOfConversionFlag=1
PB0.Signal=ADCx_IN8
PA7.GPIOParameters=GPIO_Label
PC0.Locked=true
ProjectManager.DeviceId=STM32F446RETx
PC1.Signal=ADCx_IN11
PB12.GPIOParameters=GPIO_Label
PB12.Signal=GPIO_Input
PD2.GPIO_Label=nPB_2_ARM
ProjectManager.LibraryCopy=0
PA3.GPIO_Label=JOY_Y_SCI
PB1.GPIOParameters=GPIO_Label
PA7.Signal=ADCx_IN7
