#MicroXplorer Configuration settings - do not modify
PH0-OSC_IN.Locked=true
PB13.GPIOParameters=GPIO_PuPd,GPIO_Label,GPIO_Mode
PC7.GPIOParameters=GPIO_PuPd,GPIO_Label,GPIO_Mode
PH0-OSC_IN.Signal=RCC_OSC_IN
PB15.GPIO_Mode=GPIO_MODE_INPUT
PC10.GPIO_PuPd=GPIO_PULLUP
PB10.GPIO_PuPd=GPIO_PULLUP
PA8.GPIO_Mode=GPIO_MODE_INPUT
PC12.Locked=true
PA10.GPIO_PuPd=GPIO_PULLUP
RCC.PLLCLKFreq_Value=180000000
PC12.Signal=GPIO_Input
PB14.GPIO_Label=nPB_6_SCI
RCC.PLLQCLKFreq_Value=51428571.428571425
PC7.Locked=true
VP_USB_DEVICE_VS_USB_DEVICE_CUSTOM_HID_FS.Mode=CUSTOM_HID_FS
PC6.GPIO_Label=nPB_4_SCI
PC3.Locked=true
PA3.GPIOParameters=GPIO_Label
PB6.GPIO_Label=nPB_2_ARM
PA6.GPIO_Label=JOY1_Y_ARM
PD2.GPIOParameters=GPIO_PuPd,GPIO_Label,GPIO_Mode
PB13.Signal=GPIO_Input
RCC.SAIAFreq_Value=96000000
PA2.GPIOParameters=GPIO_Label
PC15-OSC32_OUT.GPIO_Label=nLED_B
PinOutPanel.RotationAngle=0
RCC.SYSCLKSource=RCC_SYSCLKSOURCE_PLLCLK
NVIC.SVCall_IRQn=true\:0\:0\:false\:false\:true\:false\:false
PB7.GPIO_Mode=GPIO_MODE_INPUT
PB13.GPIO_Mode=GPIO_MODE_INPUT
RCC.APB2TimFreq_Value=180000000
PB6.Signal=GPIO_Input
ADC1.Channel-2\#ChannelRegularConversion=ADC_CHANNEL_4
PC7.Signal=GPIO_Input
PC3.Signal=ADCx_IN13
PB13.Locked=true
ProjectManager.ProjectBuild=false
NVIC.UsageFault_IRQn=true\:0\:0\:false\:false\:true\:false\:false
PB2.Signal=GPIO_Input
PB3.Mode=JTAG_4_pins
PA8.Locked=true
SH.ADCx_IN14.ConfNb=1
SH.ADCx_IN15.0=ADC2_IN15,IN15
PB12.GPIO_Label=nPB_8_SCI
ProjectManager.FirmwarePackage=STM32Cube FW_F4 V1.25.2
MxDb.Version=DB.6.0.0
PB0.GPIOParameters=GPIO_Label
PA1.GPIOParameters=GPIO_Label
ProjectManager.BackupPrevious=false
PC4.GPIO_Label=JOY2_Y_ARM
SH.ADCx_IN1.ConfNb=1
PB1.GPIO_Label=nJOY1_BTN_ARM
SH.ADCx_IN8.0=ADC2_IN8,IN8
PH1-OSC_OUT.Locked=true
ADC3.IPParameters=Rank-4\#ChannelRegularConversion,Channel-4\#ChannelRegularConversion,SamplingTime-4\#ChannelRegularConversion,NbrOfConversionFlag,ClockPrescaler
SH.ADCx_IN11.ConfNb=1
PA8.Signal=GPIO_Input
RCC.PLLRCLKFreq_Value=180000000
SH.ADCx_IN4.ConfNb=1
PB6.Locked=true
NVIC.PendSV_IRQn=true\:0\:0\:false\:false\:true\:false\:false
ADC3.Rank-4\#ChannelRegularConversion=1
RCC.PLLI2SoutputFreq_Value=150000000
ProjectManager.HalAssertFull=false
PB2.GPIO_PuPd=GPIO_PULLUP
RCC.MCO2PinFreq_Value=180000000
PC8.GPIOParameters=GPIO_PuPd,GPIO_Label,GPIO_Mode
Mcu.Package=LQFP64
PB9.Signal=GPIO_Input
PB1.Signal=GPIO_Input
PB14.GPIO_PuPd=GPIO_PULLUP
PA5.Locked=true
RCC.I2S2Freq_Value=150000000
SH.ADCx_IN14.0=ADC2_IN14,IN14
PA14.Locked=true
VP_SYS_VS_Systick.Signal=SYS_VS_Systick
PA10.Signal=GPIO_Input
PB9.GPIO_PuPd=GPIO_PULLUP
PC6.GPIO_PuPd=GPIO_PULLUP
PA5.GPIOParameters=GPIO_Label
PB14.GPIOParameters=GPIO_PuPd,GPIO_Label,GPIO_Mode
RCC.APB2CLKDivider=RCC_HCLK_DIV2
RCC.CECFreq_Value=32786.88524590164
RCC.APB1TimFreq_Value=90000000
NVIC.BusFault_IRQn=true\:0\:0\:false\:false\:true\:false\:false
USB_OTG_FS.IPParameters=VirtualMode
PB10.GPIOParameters=GPIO_PuPd,GPIO_Label,GPIO_Mode
PC12.GPIO_PuPd=GPIO_PULLUP
PC15-OSC32_OUT.GPIOParameters=GPIO_Label
ADC2.Channel-5\#ChannelRegularConversion=ADC_CHANNEL_6
PA4.GPIO_Label=JOY_X_SCI
ProjectManager.CustomerFirmwarePackage=
PC4.GPIOParameters=GPIO_Label
RCC.PLLSAIQCLKFreq_Value=96000000
PC8.GPIO_Mode=GPIO_MODE_INPUT
PB5.GPIO_Mode=GPIO_MODE_INPUT
PA6.GPIOParameters=GPIO_Label
VP_USB_DEVICE_VS_USB_DEVICE_CUSTOM_HID_FS.Signal=USB_DEVICE_VS_USB_DEVICE_CUSTOM_HID_FS
PB7.GPIO_PuPd=GPIO_PULLUP
ProjectManager.ProjectFileName=Robot Controller.ioc
Mcu.PinsNb=52
PD2.GPIO_PuPd=GPIO_PULLUP
PC11.Locked=true
SH.ADCx_IN6.0=ADC2_IN6,IN6
ADC1.IPParameters=Rank-2\#ChannelRegularConversion,master,Channel-2\#ChannelRegularConversion,SamplingTime-2\#ChannelRegularConversion,NbrOfConversionFlag,ClockPrescaler
PC13.Locked=true
PA9.GPIO_Label=nPB_2_SCI
PC13.Signal=GPIO_Output
PB6.GPIO_PuPd=GPIO_PULLUP
PB8.GPIO_PuPd=GPIO_PULLUP
PC2.Signal=ADCx_IN12
PC6.Signal=GPIO_Input
PC0.Signal=GPIO_Input
PB14.Locked=true
RCC.APB1CLKDivider=RCC_HCLK_DIV4
PC14-OSC32_IN.Signal=GPIO_Output
PC11.GPIOParameters=GPIO_PuPd,GPIO_Label,GPIO_Mode
ADC2.SamplingTime-5\#ChannelRegularConversion=ADC_SAMPLETIME_3CYCLES
PA0-WKUP.GPIO_Label=JOY_X_GD
PA0-WKUP.Signal=ADCx_IN0
PC3.GPIOParameters=GPIO_Label
PC10.GPIO_Mode=GPIO_MODE_INPUT
PB8.GPIO_Label=nSW_B_ARM
PA15.Locked=true
PB10.GPIO_Mode=GPIO_MODE_INPUT
PA8.GPIO_Label=nPB_1_GD
PC15-OSC32_OUT.Locked=true
Mcu.Pin51=VP_USB_DEVICE_VS_USB_DEVICE_CUSTOM_HID_FS
SH.ADCx_IN7.0=ADC2_IN7,IN7
Mcu.Pin50=VP_SYS_VS_Systick
ADC2.IPParameters=Rank-5\#ChannelRegularConversion,Channel-5\#ChannelRegularConversion,SamplingTime-5\#ChannelRegularConversion,NbrOfConversionFlag,ClockPrescaler
PC6.Locked=true
PB1.GPIO_Mode=GPIO_MODE_INPUT
PA9.Signal=GPIO_Input
PB5.Locked=true
PB9.Locked=true
PB4.GPIO_PuPd=GPIO_PULLUP
PC7.GPIO_PuPd=GPIO_PULLUP
Mcu.Pin48=PB8
Mcu.Pin49=PB9
Mcu.Pin46=PB6
Mcu.Pin47=PB7
PB10.Signal=GPIO_Input
PB14.Signal=GPIO_Input
RCC.USBCLockSelection=RCC_CLK48CLKSOURCE_PLLSAIP
PA5.Signal=ADCx_IN5
Mcu.Pin40=PC11
Mcu.Pin41=PC12
Mcu.Pin44=PB4
Mcu.Pin45=PB5
Mcu.Pin42=PD2
Mcu.Pin43=PB3
ProjectManager.LastFirmware=true
PB13.GPIO_PuPd=GPIO_PULLUP
PB2.GPIO_Mode=GPIO_MODE_INPUT
Mcu.Pin37=PA14
PB4.GPIO_Label=nPB_4_ARM
Mcu.Pin38=PA15
PB15.GPIO_Label=nPB_5_SCI
Mcu.Pin35=PA12
Mcu.Pin36=PA13
RCC.PLLI2SPCLKFreq_Value=150000000
SH.ADCx_IN0.ConfNb=1
Mcu.Pin39=PC10
PC2.GPIOParameters=GPIO_Label
PC11.GPIO_Mode=GPIO_MODE_INPUT
Mcu.Pin30=PC9
PA1.GPIO_Label=JOY_SM_Y_GD
SH.ADCx_IN12.ConfNb=1
PC9.GPIO_PuPd=GPIO_PULLUP
Mcu.Pin33=PA10
Mcu.Pin34=PA11
Mcu.Pin31=PA8
SH.ADCx_IN4.0=ADC1_IN4,IN4
Mcu.Pin32=PA9
PA9.Locked=true
NVIC.NonMaskableInt_IRQn=true\:0\:0\:false\:false\:true\:false\:false
PC10.GPIOParameters=GPIO_PuPd,GPIO_Label,GPIO_Mode
PC6.GPIO_Mode=GPIO_MODE_INPUT
PA13.Mode=JTAG_4_pins
ProjectManager.FreePins=false
PC9.GPIOParameters=GPIO_PuPd,GPIO_Label,GPIO_Mode
RCC.PLLI2SQCLKFreq_Value=150000000
Mcu.Pin26=PB15
Mcu.Pin27=PC6
Mcu.Pin24=PB13
ProjectManager.UnderRoot=false
Mcu.Pin25=PB14
PC7.GPIO_Label=nPB_3_SCI
Mcu.Pin28=PC7
Mcu.Pin29=PC8
PB4.Locked=true
PC8.GPIO_PuPd=GPIO_PULLUP
PA4.Signal=ADCx_IN4
Mcu.Pin22=PB10
PC12.GPIO_Mode=GPIO_MODE_INPUT
PB5.Signal=GPIO_Input
Mcu.Pin23=PB12
Mcu.Pin20=PB1
ADC1.master=1
PA3.Locked=true
Mcu.Pin21=PB2
PA5.GPIO_Label=JOY1_X_ARM
PA10.Locked=true
ADC2.NbrOfConversionFlag=1
NVIC.ForceEnableDMAVector=true
PB5.GPIO_PuPd=GPIO_PULLUP
NVIC.MemoryManagement_IRQn=true\:0\:0\:false\:false\:true\:false\:false
PC12.GPIO_Label=nSW_B_GD
ProjectManager.CompilerOptimize=6
PA11.Signal=USB_OTG_FS_DM
ProjectManager.HeapSize=0x200
Mcu.Pin15=PA6
NVIC.HardFault_IRQn=true\:0\:0\:false\:false\:true\:false\:false
Mcu.Pin16=PA7
Mcu.Pin13=PA4
Mcu.Pin14=PA5
Mcu.Pin19=PB0
ProjectManager.ComputerToolchain=false
Mcu.Pin17=PC4
Mcu.Pin18=PC5
SH.ADCx_IN5.0=ADC2_IN5,IN5
NVIC.PriorityGroup=NVIC_PRIORITYGROUP_4
Mcu.Pin11=PA2
Mcu.Pin12=PA3
Mcu.Pin10=PA1
PC3.GPIO_Label=JOY_Y_GD
RCC.PWRFreq_Value=180000000
SH.ADCx_IN5.ConfNb=1
PD2.Signal=GPIO_Input
PB12.GPIO_PuPd=GPIO_PULLUP
PB0.Signal=ADCx_IN8
PA7.GPIOParameters=GPIO_Label
PC0.Locked=true
PC1.Signal=ADCx_IN11
PB12.GPIOParameters=GPIO_PuPd,GPIO_Label,GPIO_Mode
PD2.GPIO_Label=nPB_5_ARM
Mcu.Family=STM32F4
ProjectManager.MainLocation=Src
USB_DEVICE.CLASS_NAME_FS=CUSTOM_HID
RCC.CortexFreq_Value=180000000
ProjectManager.KeepUserCode=true
Mcu.UserName=STM32F446RETx
PB6.GPIO_Mode=GPIO_MODE_INPUT
SH.ADCx_IN2.0=ADC3_IN2,IN2
PC10.Locked=true
PC10.Signal=GPIO_Input
ProjectManager.functionlistsort=1-MX_GPIO_Init-GPIO-false-HAL-true,2-SystemClock_Config-RCC-false-HAL-false,3-MX_ADC1_Init-ADC1-false-HAL-true,4-MX_ADC2_Init-ADC2-false-HAL-true,5-MX_USB_OTG_FS_PCD_Init-USB_OTG_FS-false-HAL-true,6-MX_ADC3_Init-ADC3-false-HAL-true
PC0.GPIOParameters=GPIO_PuPd,GPIO_Label,GPIO_Mode
PA9.GPIOParameters=GPIO_PuPd,GPIO_Label,GPIO_Mode
PC0.GPIO_Label=nJOY_BTN_GD
PA11.Mode=Device_Only
PC9.Locked=true
PB0.GPIO_Label=JOY3_Y_ARM
RCC.PLLI2SRCLKFreq_Value=150000000
PD2.GPIO_Mode=GPIO_MODE_INPUT
PD2.Locked=true
PC13.GPIO_Label=nLED_R
PC1.Locked=true
PB13.GPIO_Label=nPB_7_SCI
PB15.Signal=GPIO_Input
ProjectManager.StackSize=0x400
PB5.GPIOParameters=GPIO_PuPd,GPIO_Label,GPIO_Mode
ADC3.SamplingTime-4\#ChannelRegularConversion=ADC_SAMPLETIME_3CYCLES
Mcu.IP4=RCC
RCC.FCLKCortexFreq_Value=180000000
Mcu.IP5=SYS
Mcu.IP2=ADC3
Mcu.IP3=NVIC
PC11.GPIO_PuPd=GPIO_PULLUP
PB4.GPIOParameters=GPIO_PuPd,GPIO_Label,GPIO_Mode
Mcu.IP0=ADC1
Mcu.IP1=ADC2
PA12.Signal=USB_OTG_FS_DP
Mcu.UserConstants=
PB4.GPIO_Mode=GPIO_MODE_INPUT
PC1.GPIOParameters=GPIO_Label
Mcu.ThirdPartyNb=0
RCC.SDIOFreq_Value=48000000
PB1.GPIO_PuPd=GPIO_PULLUP
RCC.HCLKFreq_Value=180000000
SH.ADCx_IN3.0=ADC1_IN3,IN3
Mcu.IPNb=8
ProjectManager.PreviousToolchain=
RCC.SPDIFRXFreq_Value=180000000
SH.ADCx_IN3.ConfNb=1
SH.ADCx_IN7.ConfNb=1
PA8.GPIOParameters=GPIO_PuPd,GPIO_Label,GPIO_Mode
Mcu.Pin6=PC1
Mcu.Pin7=PC2
Mcu.Pin8=PC3
Mcu.Pin9=PA0-WKUP
RCC.VCOSAIOutputFreq_Value=192000000
RCC.AHBFreq_Value=180000000
PH0-OSC_IN.Mode=HSE-External-Oscillator
Mcu.Pin0=PC13
Mcu.Pin1=PC14-OSC32_IN
GPIO.groupedBy=Group By Peripherals
Mcu.Pin2=PC15-OSC32_OUT
PA9.GPIO_Mode=GPIO_MODE_INPUT
Mcu.Pin3=PH0-OSC_IN
Mcu.Pin4=PH1-OSC_OUT
PA0-WKUP.GPIOParameters=GPIO_Label
Mcu.Pin5=PC0
NVIC.DebugMonitor_IRQn=true\:0\:0\:false\:false\:true\:false\:false
PA15.Mode=JTAG_4_pins
NVIC.SysTick_IRQn=true\:0\:0\:false\:false\:true\:false\:false
ADC1.Rank-2\#ChannelRegularConversion=1
RCC.VCOInputFreq_Value=1666666.6666666667
PA14.Mode=JTAG_4_pins
PC11.GPIO_Label=nSW_A_GD
File.Version=6
PA10.GPIO_Label=nPB_1_SCI
PC7.GPIO_Mode=GPIO_MODE_INPUT
SH.ADCx_IN13.ConfNb=1
PB7.Signal=GPIO_Input
PB8.Locked=true
SH.ADCx_IN0.0=ADC3_IN0,IN0
SH.ADCx_IN6.ConfNb=1
PB6.GPIOParameters=GPIO_PuPd,GPIO_Label,GPIO_Mode
PC14-OSC32_IN.GPIOParameters=GPIO_Label
ProjectManager.ProjectName=Robot Controller
PH1-OSC_OUT.Mode=HSE-External-Oscillator
PB7.GPIO_Label=nPB_1_ARM
PB12.GPIO_Mode=GPIO_MODE_INPUT
PA6.Signal=ADCx_IN6
PB15.GPIO_PuPd=GPIO_PULLUP
ProjectManager.ToolChainLocation=
PA2.GPIO_Label=JOY_SM_X_GD
USB_OTG_FS.VirtualMode=Device_Only
PA15.Signal=SYS_JTDI
ADC3.ClockPrescaler=ADC_CLOCK_SYNC_PCLK_DIV6
RCC.PLLSAIM=25
RCC.PLLSAIP=RCC_PLLSAIP_DIV4
SH.ADCx_IN1.0=ADC3_IN1,IN1
PB5.GPIO_Label=nPB_3_ARM
PC14-OSC32_IN.GPIO_Label=nLED_G
PC5.Signal=ADCx_IN15
PC0.GPIO_PuPd=GPIO_PULLUP
RCC.SAIBFreq_Value=96000000
PC2.GPIO_Label=SLIDE_POT_ARM
PC14-OSC32_IN.Locked=true
PB15.Locked=true
PB3.Locked=true
PB4.Signal=GPIO_Input
PA3.Signal=ADCx_IN3
ADC2.ClockPrescaler=ADC_CLOCK_SYNC_PCLK_DIV6
SH.ADCx_IN13.0=ADC3_IN13,IN13
PB8.GPIOParameters=GPIO_PuPd,GPIO_Label,GPIO_Mode
PB9.GPIO_Label=nSW_A_ARM
PC10.GPIO_Label=nJOY_BTN_SCI
PC9.GPIO_Label=nPB_2_GD
ProjectManager.NoMain=false
USB_DEVICE.VirtualModeFS=Custom_Hid_FS
PC11.Signal=GPIO_Input
RCC.FMPI2C1Freq_Value=45000000
RCC.VCOI2SInputFreq_Value=1562500
PC8.Signal=GPIO_Input
PC4.Signal=ADCx_IN14
ProjectManager.DefaultFWLocation=true
PB12.Locked=true
ProjectManager.DeletePrevious=true
PB10.Locked=true
USB_DEVICE.IPParameters=VirtualMode-CUSTOM_HID_FS,VirtualModeFS,CLASS_NAME_FS
PA9.GPIO_PuPd=GPIO_PULLUP
ADC1.SamplingTime-2\#ChannelRegularConversion=ADC_SAMPLETIME_3CYCLES
RCC.FamilyName=M
PA10.GPIO_Mode=GPIO_MODE_INPUT
PB9.GPIOParameters=GPIO_PuPd,GPIO_Label,GPIO_Mode
PC8.GPIO_Label=nPB_3_GD
PC12.GPIOParameters=GPIO_PuPd,GPIO_Label,GPIO_Mode
PA13.Signal=SYS_JTMS-SWDIO
SH.ADCx_IN12.0=ADC2_IN12,IN12
ProjectManager.TargetToolchain=EWARM V8.32
ADC3.Channel-4\#ChannelRegularConversion=ADC_CHANNEL_0
PB10.GPIO_Label=nJOY3_BTN_ARM
PC9.GPIO_Mode=GPIO_MODE_INPUT
PB7.GPIOParameters=GPIO_PuPd,GPIO_Label,GPIO_Mode
PC5.GPIOParameters=GPIO_Label
PB2.GPIOParameters=GPIO_PuPd,GPIO_Label,GPIO_Mode
RCC.I2S1Freq_Value=150000000
PC2.Locked=true
ProjectManager.RegisterCallBack=
RCC.USBFreq_Value=48000000
RCC.PLLSAIoutputFreq_Value=48000000
PC15-OSC32_OUT.Signal=GPIO_Output
PA1.Signal=ADCx_IN1
PB1.Locked=true
RCC.VCOI2SOutputFreq_Value=300000000
RCC.PLLSAIPCLKFreq_Value=48000000
board=custom
RCC.VCOOutputFreq_Value=360000000
PB9.GPIO_Mode=GPIO_MODE_INPUT
RCC.APB2Freq_Value=90000000
SH.ADCx_IN11.0=ADC3_IN11,IN11
ADC2.Rank-5\#ChannelRegularConversion=1
MxCube.Version=6.0.1
PC0.GPIO_Mode=GPIO_MODE_INPUT
PC13.GPIOParameters=GPIO_Label
SH.ADCx_IN2.ConfNb=1
PC1.GPIO_Label=SLIDE_POT_GD
PA10.GPIOParameters=GPIO_PuPd,GPIO_Label,GPIO_Mode
VP_SYS_VS_Systick.Mode=SysTick
PH1-OSC_OUT.Signal=RCC_OSC_OUT
SH.ADCx_IN15.ConfNb=1
PA4.GPIOParameters=GPIO_Label
SH.ADCx_IN8.ConfNb=1
PB15.GPIOParameters=GPIO_PuPd,GPIO_Label,GPIO_Mode
RCC.IPParameters=AHBFreq_Value,APB1CLKDivider,APB1Freq_Value,APB1TimFreq_Value,APB2CLKDivider,APB2Freq_Value,APB2TimFreq_Value,CECFreq_Value,CortexFreq_Value,FCLKCortexFreq_Value,FMPI2C1Freq_Value,FamilyName,HCLKFreq_Value,I2S1Freq_Value,I2S2Freq_Value,MCO2PinFreq_Value,PLLCLKFreq_Value,PLLI2SPCLKFreq_Value,PLLI2SQCLKFreq_Value,PLLI2SRCLKFreq_Value,PLLI2SoutputFreq_Value,PLLM,PLLN,PLLQ,PLLQCLKFreq_Value,PLLRCLKFreq_Value,PLLSAIM,PLLSAIP,PLLSAIPCLKFreq_Value,PLLSAIQCLKFreq_Value,PLLSAIoutputFreq_Value,PWRFreq_Value,SAIAFreq_Value,SAIBFreq_Value,SDIOFreq_Value,SPDIFRXFreq_Value,SYSCLKFreq_VALUE,SYSCLKSource,USBCLockSelection,USBFreq_Value,VCOI2SInputFreq_Value,VCOI2SOutputFreq_Value,VCOInputFreq_Value,VCOOutputFreq_Value,VCOSAIInputFreq_Value,VCOSAIOutputFreq_Value
ProjectManager.AskForMigrate=true
Mcu.Name=STM32F446R(C-E)Tx
PA2.Signal=ADCx_IN2
PB2.Locked=true
Mcu.IP6=USB_DEVICE
RCC.VCOSAIInputFreq_Value=1000000
Mcu.IP7=USB_OTG_FS
ProjectManager.CoupleFile=false
PB3.Signal=SYS_JTDO-SWO
RCC.SYSCLKFreq_VALUE=180000000
PA7.GPIO_Label=JOY2_X_ARM
PA1.Locked=true
PA12.Mode=Device_Only
KeepUserPlacement=false
USB_DEVICE.VirtualMode-CUSTOM_HID_FS=CustomHid
PC5.GPIO_Label=JOY3_X_ARM
PA13.Locked=true
PA14.Signal=SYS_JTCK-SWCLK
PB2.GPIO_Label=nJOY2_BTN_ARM
PC6.GPIOParameters=GPIO_PuPd,GPIO_Label,GPIO_Mode
PA8.GPIO_PuPd=GPIO_PULLUP
RCC.PLLQ=7
ADC1.NbrOfConversionFlag=1
RCC.PLLM=15
RCC.PLLN=216
PB7.Locked=true
PB8.Signal=GPIO_Input
PC8.Locked=true
PC9.Signal=GPIO_Input
PB8.GPIO_Mode=GPIO_MODE_INPUT
RCC.APB1Freq_Value=45000000
ADC3.NbrOfConversionFlag=1
PB14.GPIO_Mode=GPIO_MODE_INPUT
ADC1.ClockPrescaler=ADC_CLOCK_SYNC_PCLK_DIV6
ProjectManager.DeviceId=STM32F446RETx
PB12.Signal=GPIO_Input
ProjectManager.LibraryCopy=0
PA3.GPIO_Label=JOY_Y_SCI
PB1.GPIOParameters=GPIO_PuPd,GPIO_Label,GPIO_Mode
PA7.Signal=ADCx_IN7
