#MicroXplorer Configuration settings - do not modify
Mcu.Family=STM32F4
ProjectManager.MainLocation=Src
PH0-OSC_IN.Locked=true
PB13.GPIOParameters=GPIO_Label
PH0-OSC_IN.Signal=RCC_OSC_IN
RCC.CortexFreq_Value=16000000
ProjectManager.KeepUserCode=true
Mcu.UserName=STM32F446RETx
SH.ADCx_IN2.0=ADC1_IN2,IN2
PC10.Locked=true
RCC.PLLCLKFreq_Value=96000000
PC10.Signal=UART4_TX
PB14.GPIO_Label=nPB_4
RCC.PLLQCLKFreq_Value=96000000
PC5.Locked=true
ProjectManager.functionlistsort=1-MX_GPIO_Init-GPIO-false-HAL-true,2-SystemClock_Config-RCC-false-HAL-false,3-MX_UART4_Init-UART4-false-HAL-true,4-MX_ADC1_Init-ADC1-false-HAL-true,5-MX_USART1_UART_Init-USART1-false-HAL-true
PC3.Locked=true
PA3.GPIOParameters=GPIO_Label
PA6.GPIO_Label=nJOY3_BTN
PB6.GPIO_Label=ARM_UART_TX
RCC.PLLI2SRCLKFreq_Value=96000000
USART1.IPParameters=VirtualMode
PC1.Locked=true
PB13.GPIO_Label=nPB_3
PB13.Signal=GPIO_Input
PB15.Signal=GPIO_Input
RCC.SAIAFreq_Value=96000000
PA2.GPIOParameters=GPIO_Label
PinOutPanel.RotationAngle=0
ProjectManager.StackSize=0x400
Mcu.IP4=UART4
Mcu.IP5=USART1
NVIC.SVCall_IRQn=true\:0\:0\:false\:false\:true\:false\:false
Mcu.IP2=RCC
Mcu.IP3=SYS
Mcu.IP0=ADC1
Mcu.IP1=NVIC
Mcu.UserConstants=
PC1.GPIOParameters=GPIO_Label
Mcu.ThirdPartyNb=0
RCC.SDIOFreq_Value=96000000
Mcu.IPNb=6
ProjectManager.PreviousToolchain=
PB6.Signal=USART1_TX
PB6.Mode=Asynchronous
SH.ADCx_IN7.ConfNb=1
PC3.Signal=GPIO_Output
Mcu.Pin6=PA1
Mcu.Pin7=PA2
Mcu.Pin8=PA3
Mcu.Pin9=PA4
RCC.VCOSAIOutputFreq_Value=192000000
PH0-OSC_IN.Mode=HSE-External-Oscillator
PB13.Locked=true
Mcu.Pin0=PH0-OSC_IN
Mcu.Pin1=PH1-OSC_OUT
GPIO.groupedBy=Group By Peripherals
Mcu.Pin2=PC1
Mcu.Pin3=PC2
Mcu.Pin4=PC3
PA0-WKUP.GPIOParameters=GPIO_Label
Mcu.Pin5=PA0-WKUP
ADC1.Channel-0\#ChannelRegularConversion=ADC_CHANNEL_1
ProjectManager.ProjectBuild=false
NVIC.UsageFault_IRQn=true\:0\:0\:false\:false\:true\:false\:false
NVIC.DebugMonitor_IRQn=true\:0\:0\:false\:false\:true\:false\:false
PB2.Signal=GPIO_Input
PA4.Locked=true
SH.ADCx_IN14.ConfNb=1
SH.ADCx_IN15.0=ADC1_IN15,IN15
NVIC.SysTick_IRQn=true\:0\:0\:false\:false\:true\:false\:true
PB12.GPIO_Label=nPB_2
ProjectManager.FirmwarePackage=STM32Cube FW_F4 V1.24.2
MxDb.Version=DB.5.0.50
PA1.GPIOParameters=GPIO_Label
ProjectManager.BackupPrevious=false
RCC.VCOInputFreq_Value=1000000
PC4.GPIO_Label=nJOY3_Y
PA14.Mode=Serial_Wire
SH.ADCx_IN1.ConfNb=1
PB1.GPIO_Label=nSW_A
PC11.GPIO_Label=DEBUG_RX
File.Version=6
PH1-OSC_OUT.Locked=true
PB7.Signal=USART1_RX
RCC.PLLRCLKFreq_Value=96000000
SH.ADCx_IN4.ConfNb=1
PB6.Locked=true
NVIC.PendSV_IRQn=true\:0\:0\:false\:false\:true\:false\:false
PB6.GPIOParameters=GPIO_Label
ProjectManager.HalAssertFull=false
ADC1.SamplingTime-0\#ChannelRegularConversion=ADC_SAMPLETIME_3CYCLES
ProjectManager.ProjectName=Arm
PH1-OSC_OUT.Mode=HSE-External-Oscillator
PB7.GPIO_Label=ARM_UART_RX
Mcu.Package=LQFP64
PB1.Signal=GPIO_Input
PA6.Signal=GPIO_Input
PA7.Locked=true
PA5.Locked=true
SH.ADCx_IN14.0=ADC1_IN14,IN14
PA14.Locked=true
ProjectManager.ToolChainLocation=
PA2.GPIO_Label=JOY1_Y
VP_SYS_VS_Systick.Signal=SYS_VS_Systick
PA5.GPIOParameters=GPIO_Label
PC11.Mode=Asynchronous
PB14.GPIOParameters=GPIO_Label
SH.ADCx_IN1.0=ADC1_IN1,IN1
RCC.CECFreq_Value=32786.88524590164
NVIC.BusFault_IRQn=true\:0\:0\:false\:false\:true\:false\:false
PC4.Locked=true
PC5.Signal=ADCx_IN15
PB10.GPIOParameters=GPIO_Label
RCC.SAIBFreq_Value=96000000
PA4.GPIO_Label=JOY2_X
PC2.GPIO_Label=LED_G
ProjectManager.CustomerFirmwarePackage=
PC4.GPIOParameters=GPIO_Label
RCC.PLLSAIQCLKFreq_Value=96000000
PB15.Locked=true
PA3.Signal=GPIO_Input
PA6.GPIOParameters=GPIO_Label
ProjectManager.ProjectFileName=Arm.ioc
ADC1.Rank-0\#ChannelRegularConversion=1
UART4.IPParameters=VirtualMode
PC10.GPIO_Label=DEBUG_TX
Mcu.PinsNb=29
ProjectManager.NoMain=false
PC11.Locked=true
ADC1.IPParameters=Rank-0\#ChannelRegularConversion,Channel-0\#ChannelRegularConversion,SamplingTime-0\#ChannelRegularConversion,NbrOfConversionFlag,master
PC11.Signal=UART4_RX
RCC.VCOI2SInputFreq_Value=1000000
PC2.Signal=GPIO_Output
PC4.Signal=ADCx_IN14
PC10.Mode=Asynchronous
ProjectManager.DefaultFWLocation=true
PB12.Locked=true
ProjectManager.DeletePrevious=true
PB14.Locked=true
UART4.VirtualMode=Asynchronous
PB10.Locked=true
PC11.GPIOParameters=GPIO_Label
RCC.FamilyName=M
PA0-WKUP.GPIO_Label=nJOY1_BTN
PA0-WKUP.Signal=GPIO_Input
PA0-WKUP.Locked=true
PC3.GPIOParameters=GPIO_Label
PA13.Signal=SYS_JTMS-SWDIO
ProjectManager.TargetToolchain=EWARM V8.32
PB10.GPIO_Label=nPB_1
SH.ADCx_IN7.0=ADC1_IN7,IN7
PB7.GPIOParameters=GPIO_Label
PC5.GPIOParameters=GPIO_Label
PB2.GPIOParameters=GPIO_Label
PC2.Locked=true
ProjectManager.RegisterCallBack=
RCC.USBFreq_Value=96000000
PA1.Signal=ADCx_IN1
PB1.Locked=true
PB10.Signal=GPIO_Input
RCC.VCOI2SOutputFreq_Value=192000000
PB14.Signal=GPIO_Input
PA5.Signal=ADCx_IN5
RCC.PLLSAIPCLKFreq_Value=96000000
board=custom
RCC.VCOOutputFreq_Value=192000000
ProjectManager.LastFirmware=true
MxCube.Version=5.5.0
PB15.GPIO_Label=nPB_5
RCC.PLLI2SPCLKFreq_Value=96000000
SH.ADCx_IN2.ConfNb=1
PC2.GPIOParameters=GPIO_Label
PC1.GPIO_Label=LED_R
PA1.GPIO_Label=JOY1_X
VP_SYS_VS_Systick.Mode=SysTick
PH1-OSC_OUT.Signal=RCC_OSC_OUT
SH.ADCx_IN15.ConfNb=1
SH.ADCx_IN4.0=ADC1_IN4,IN4
NVIC.NonMaskableInt_IRQn=true\:0\:0\:false\:false\:true\:false\:false
PA4.GPIOParameters=GPIO_Label
PC10.GPIOParameters=GPIO_Label
PB15.GPIOParameters=GPIO_Label
PA13.Mode=Serial_Wire
ProjectManager.FreePins=false
RCC.IPParameters=CECFreq_Value,CortexFreq_Value,FamilyName,PLLCLKFreq_Value,PLLI2SPCLKFreq_Value,PLLI2SQCLKFreq_Value,PLLI2SRCLKFreq_Value,PLLQCLKFreq_Value,PLLRCLKFreq_Value,PLLSAIPCLKFreq_Value,PLLSAIQCLKFreq_Value,SAIAFreq_Value,SAIBFreq_Value,SDIOFreq_Value,USBFreq_Value,VCOI2SInputFreq_Value,VCOI2SOutputFreq_Value,VCOInputFreq_Value,VCOOutputFreq_Value,VCOSAIInputFreq_Value,VCOSAIOutputFreq_Value
ProjectManager.AskForMigrate=true
Mcu.Name=STM32F446R(C-E)Tx
RCC.PLLI2SQCLKFreq_Value=96000000
Mcu.Pin26=PB6
Mcu.Pin27=PB7
PA2.Signal=ADCx_IN2
Mcu.Pin24=PC10
ProjectManager.UnderRoot=false
Mcu.Pin25=PC11
PB2.Locked=true
Mcu.Pin28=VP_SYS_VS_Systick
RCC.VCOSAIInputFreq_Value=1000000
ProjectManager.CoupleFile=false
PA4.Signal=ADCx_IN4
Mcu.Pin22=PA13
Mcu.Pin23=PA14
PA1.Locked=true
PA7.GPIO_Label=JOY3_X
Mcu.Pin20=PB14
ADC1.master=1
PA3.Locked=true
Mcu.Pin21=PB15
PA5.GPIO_Label=JOY2_Y
NVIC.ForceEnableDMAVector=true
KeepUserPlacement=false
PC5.GPIO_Label=SLIDE_POT_AL
NVIC.MemoryManagement_IRQn=true\:0\:0\:false\:false\:true\:false\:false
PA13.Locked=true
USART1.VirtualMode=VM_ASYNC
ProjectManager.CompilerOptimize=6
PB7.Mode=Asynchronous
PA14.Signal=SYS_JTCK-SWCLK
PB2.GPIO_Label=nSW_B
ProjectManager.HeapSize=0x200
Mcu.Pin15=PB1
NVIC.HardFault_IRQn=true\:0\:0\:false\:false\:true\:false\:false
Mcu.Pin16=PB2
Mcu.Pin13=PC4
Mcu.Pin14=PC5
Mcu.Pin19=PB13
ProjectManager.ComputerToolchain=false
Mcu.Pin17=PB10
Mcu.Pin18=PB12
SH.ADCx_IN5.0=ADC1_IN5,IN5
NVIC.PriorityGroup=NVIC_PRIORITYGROUP_4
ADC1.NbrOfConversionFlag=1
Mcu.Pin11=PA6
Mcu.Pin12=PA7
Mcu.Pin10=PA5
PB7.Locked=true
PC3.GPIO_Label=LED_B
SH.ADCx_IN5.ConfNb=1
PA7.GPIOParameters=GPIO_Label
ProjectManager.DeviceId=STM32F446RETx
PC1.Signal=GPIO_Output
PB12.GPIOParameters=GPIO_Label
PB12.Signal=GPIO_Input
ProjectManager.LibraryCopy=0
PA3.GPIO_Label=nJOY2_BTN
PB1.GPIOParameters=GPIO_Label
PA7.Signal=ADCx_IN7
PA6.Locked=true
