#MicroXplorer Configuration settings - do not modify
Mcu.Family=STM32F4
ProjectManager.MainLocation=Src
PH0-OSC_IN.Locked=true
PB13.GPIOParameters=GPIO_Label
PH0-OSC_IN.Signal=RCC_OSC_IN
RCC.CortexFreq_Value=16000000
ProjectManager.KeepUserCode=true
Mcu.UserName=STM32F446RETx
SH.ADCx_IN2.0=ADC1_IN2,IN2
RCC.PLLCLKFreq_Value=96000000
PB14.GPIO_Label=nPB_7
RCC.PLLQCLKFreq_Value=96000000
ProjectManager.functionlistsort=1-MX_GPIO_Init-GPIO-false-HAL-true,2-SystemClock_Config-RCC-false-HAL-false,3-MX_ADC1_Init-ADC1-false-HAL-true,4-MX_USART1_UART_Init-USART1-false-HAL-true
PC3.Locked=true
PB0.GPIO_Label=nPB_1
PB6.GPIO_Label=SCI_UART_TX
RCC.PLLI2SRCLKFreq_Value=96000000
USART1.IPParameters=VirtualMode
PC1.Locked=true
PB13.GPIO_Label=nPB_6
PB13.Signal=GPIO_Input
PB15.Signal=GPIO_Input
RCC.SAIAFreq_Value=96000000
PA2.GPIOParameters=GPIO_Label
PinOutPanel.RotationAngle=0
ProjectManager.StackSize=0x400
Mcu.IP4=USART1
NVIC.SVCall_IRQn=true\:0\:0\:false\:false\:true\:false\:false
Mcu.IP2=RCC
Mcu.IP3=SYS
Mcu.IP0=ADC1
Mcu.IP1=NVIC
Mcu.UserConstants=
PC1.GPIOParameters=GPIO_Label
Mcu.ThirdPartyNb=0
RCC.SDIOFreq_Value=96000000
Mcu.IPNb=5
ProjectManager.PreviousToolchain=
PB6.Signal=USART1_TX
PB6.Mode=Asynchronous
PC3.Signal=GPIO_Output
Mcu.Pin6=PA1
Mcu.Pin7=PA2
Mcu.Pin8=PB0
Mcu.Pin9=PB1
RCC.VCOSAIOutputFreq_Value=192000000
PH0-OSC_IN.Mode=HSE-External-Oscillator
PB13.Locked=true
Mcu.Pin0=PH0-OSC_IN
Mcu.Pin1=PH1-OSC_OUT
GPIO.groupedBy=Group By Peripherals
Mcu.Pin2=PC1
Mcu.Pin3=PC2
Mcu.Pin4=PC3
PA0-WKUP.GPIOParameters=GPIO_Label
Mcu.Pin5=PA0-WKUP
ADC1.Channel-0\#ChannelRegularConversion=ADC_CHANNEL_1
ProjectManager.ProjectBuild=false
NVIC.UsageFault_IRQn=true\:0\:0\:false\:false\:true\:false\:false
NVIC.DebugMonitor_IRQn=true\:0\:0\:false\:false\:true\:false\:false
PB2.Signal=GPIO_Input
PB3.Mode=JTAG_4_pins
NVIC.SysTick_IRQn=true\:0\:0\:false\:false\:true\:false\:true
PA15.Mode=JTAG_4_pins
PB12.GPIO_Label=nPB_5
ProjectManager.FirmwarePackage=STM32Cube FW_F4 V1.24.2
MxDb.Version=DB.5.0.50
PB0.GPIOParameters=GPIO_Label
PA1.GPIOParameters=GPIO_Label
ProjectManager.BackupPrevious=false
RCC.VCOInputFreq_Value=1000000
PA14.Mode=JTAG_4_pins
SH.ADCx_IN1.ConfNb=1
PB1.GPIO_Label=nPB_2
File.Version=6
PH1-OSC_OUT.Locked=true
PB7.Signal=USART1_RX
RCC.PLLRCLKFreq_Value=96000000
PB6.Locked=true
NVIC.PendSV_IRQn=true\:0\:0\:false\:false\:true\:false\:false
PB6.GPIOParameters=GPIO_Label
ProjectManager.HalAssertFull=false
PB0.Locked=true
ADC1.SamplingTime-0\#ChannelRegularConversion=ADC_SAMPLETIME_3CYCLES
ProjectManager.ProjectName=Science
PH1-OSC_OUT.Mode=HSE-External-Oscillator
PB7.GPIO_Label=SCI_UART_RX
Mcu.Package=LQFP64
PB1.Signal=GPIO_Input
PA14.Locked=true
ProjectManager.ToolChainLocation=
PA2.GPIO_Label=JOY_Y
VP_SYS_VS_Systick.Signal=SYS_VS_Systick
PA15.Signal=SYS_JTDI
PB14.GPIOParameters=GPIO_Label
SH.ADCx_IN1.0=ADC1_IN1,IN1
RCC.CECFreq_Value=32786.88524590164
NVIC.BusFault_IRQn=true\:0\:0\:false\:false\:true\:false\:false
PB10.GPIOParameters=GPIO_Label
RCC.SAIBFreq_Value=96000000
PC2.GPIO_Label=nLED_G
ProjectManager.CustomerFirmwarePackage=
RCC.PLLSAIQCLKFreq_Value=96000000
PB15.Locked=true
PA2.Locked=true
ProjectManager.ProjectFileName=Science.ioc
ADC1.Rank-0\#ChannelRegularConversion=1
Mcu.PinsNb=23
ProjectManager.NoMain=false
ADC1.IPParameters=Rank-0\#ChannelRegularConversion,master,Channel-0\#ChannelRegularConversion,SamplingTime-0\#ChannelRegularConversion,NbrOfConversionFlag
RCC.VCOI2SInputFreq_Value=1000000
PC2.Signal=GPIO_Output
ProjectManager.DefaultFWLocation=true
PB12.Locked=true
ProjectManager.DeletePrevious=true
PB14.Locked=true
PB10.Locked=true
RCC.FamilyName=M
PA0-WKUP.GPIO_Label=nJOY_BTN
PA0-WKUP.Signal=GPIO_Input
PA0-WKUP.Locked=true
PC3.GPIOParameters=GPIO_Label
PA13.Signal=SYS_JTMS-SWDIO
ProjectManager.TargetToolchain=EWARM V8.32
PB10.GPIO_Label=nPB_4
PB7.GPIOParameters=GPIO_Label
PB2.GPIOParameters=GPIO_Label
PC2.Locked=true
ProjectManager.RegisterCallBack=
RCC.USBFreq_Value=96000000
PA1.Signal=ADCx_IN1
PB1.Locked=true
PB10.Signal=GPIO_Input
RCC.VCOI2SOutputFreq_Value=192000000
PB14.Signal=GPIO_Input
RCC.PLLSAIPCLKFreq_Value=96000000
board=custom
RCC.VCOOutputFreq_Value=192000000
ProjectManager.LastFirmware=true
MxCube.Version=5.5.0
PB15.GPIO_Label=nPB_8
RCC.PLLI2SPCLKFreq_Value=96000000
SH.ADCx_IN2.ConfNb=1
PC2.GPIOParameters=GPIO_Label
PC1.GPIO_Label=nLED_R
PA1.GPIO_Label=JOY_X
VP_SYS_VS_Systick.Mode=SysTick
PH1-OSC_OUT.Signal=RCC_OSC_OUT
NVIC.NonMaskableInt_IRQn=true\:0\:0\:false\:false\:true\:false\:false
PB15.GPIOParameters=GPIO_Label
PA13.Mode=JTAG_4_pins
ProjectManager.FreePins=false
RCC.IPParameters=CECFreq_Value,CortexFreq_Value,FamilyName,PLLCLKFreq_Value,PLLI2SPCLKFreq_Value,PLLI2SQCLKFreq_Value,PLLI2SRCLKFreq_Value,PLLQCLKFreq_Value,PLLRCLKFreq_Value,PLLSAIPCLKFreq_Value,PLLSAIQCLKFreq_Value,SAIAFreq_Value,SAIBFreq_Value,SDIOFreq_Value,USBFreq_Value,VCOI2SInputFreq_Value,VCOI2SOutputFreq_Value,VCOInputFreq_Value,VCOOutputFreq_Value,VCOSAIInputFreq_Value,VCOSAIOutputFreq_Value
ProjectManager.AskForMigrate=false
Mcu.Name=STM32F446R(C-E)Tx
RCC.PLLI2SQCLKFreq_Value=96000000
PA2.Signal=ADCx_IN2
ProjectManager.UnderRoot=false
PB2.Locked=true
RCC.VCOSAIInputFreq_Value=1000000
ProjectManager.CoupleFile=false
PB3.Signal=SYS_JTDO-SWO
Mcu.Pin22=VP_SYS_VS_Systick
PA1.Locked=true
Mcu.Pin20=PB6
ADC1.master=1
Mcu.Pin21=PB7
NVIC.ForceEnableDMAVector=true
KeepUserPlacement=false
NVIC.MemoryManagement_IRQn=true\:0\:0\:false\:false\:true\:false\:false
PA13.Locked=true
USART1.VirtualMode=VM_ASYNC
ProjectManager.CompilerOptimize=6
PB7.Mode=Asynchronous
PA14.Signal=SYS_JTCK-SWCLK
PB2.GPIO_Label=nPB_3
ProjectManager.HeapSize=0x200
Mcu.Pin15=PB15
NVIC.HardFault_IRQn=true\:0\:0\:false\:false\:true\:false\:false
Mcu.Pin16=PA13
Mcu.Pin13=PB13
Mcu.Pin14=PB14
Mcu.Pin19=PB3
ProjectManager.ComputerToolchain=false
Mcu.Pin17=PA14
Mcu.Pin18=PA15
NVIC.PriorityGroup=NVIC_PRIORITYGROUP_4
ADC1.NbrOfConversionFlag=1
Mcu.Pin11=PB10
Mcu.Pin12=PB12
Mcu.Pin10=PB2
PB7.Locked=true
PC3.GPIO_Label=nLED_B
PB0.Signal=GPIO_Input
ProjectManager.DeviceId=STM32F446RETx
PC1.Signal=GPIO_Output
PB12.GPIOParameters=GPIO_Label
PB12.Signal=GPIO_Input
ProjectManager.LibraryCopy=0
PB1.GPIOParameters=GPIO_Label
