#MicroXplorer Configuration settings - do not modify
Mcu.Family=STM32F4
ProjectManager.MainLocation=Src
PH0-OSC_IN.Locked=true
PB13.GPIOParameters=GPIO_Label
PA6.Mode=Full_Duplex_Master
SH.S_TIM4_CH2.ConfNb=1
PH0-OSC_IN.Signal=RCC_OSC_IN
RCC.CortexFreq_Value=16000000
SPI3.Direction=SPI_DIRECTION_2LINES
SPI3.VirtualType=VM_MASTER
ProjectManager.KeepUserCode=true
Mcu.UserName=STM32F446RETx
SPI1.VirtualType=VM_MASTER
PC10.Locked=true
RCC.PLLCLKFreq_Value=96000000
PC10.Signal=UART4_TX
PA14.GPIO_Label=SWD_CLK
RCC.PLLQCLKFreq_Value=96000000
PC5.Locked=true
PA12.GPIOParameters=GPIO_Label
ProjectManager.functionlistsort=1-MX_GPIO_Init-GPIO-false-HAL-true,2-SystemClock_Config-RCC-false-HAL-false,3-MX_CAN1_Init-CAN1-false-HAL-true,4-MX_CAN2_Init-CAN2-false-HAL-true,5-MX_SPI1_Init-SPI1-false-HAL-true,6-MX_SPI3_Init-SPI3-false-HAL-true,7-MX_TIM2_Init-TIM2-false-HAL-true,8-MX_TIM4_Init-TIM4-false-HAL-true,9-MX_TIM6_Init-TIM6-false-HAL-true,10-MX_TIM7_Init-TIM7-false-HAL-true,11-MX_TIM12_Init-TIM12-false-HAL-true,12-MX_UART4_Init-UART4-false-HAL-true,13-MX_TIM8_Init-TIM8-false-HAL-true,14-MX_TIM11_Init-TIM11-false-HAL-true
PA11.GPIOParameters=GPIO_Label
PC3.Locked=true
PA11.Mode=Master
PC9.Locked=true
PA6.GPIO_Label=IMU_SDI
PB0.GPIO_Label=IMU_INT
RCC.PLLI2SRCLKFreq_Value=96000000
TIM2.Channel-PWM\ Generation2\ CH2=TIM_CHANNEL_2
PC1.Locked=true
PB13.GPIO_Label=CAN_TX_2
PB13.Signal=CAN2_TX
RCC.SAIAFreq_Value=96000000
PinOutPanel.RotationAngle=0
ProjectManager.StackSize=0x400
PB5.GPIOParameters=GPIO_Label
VP_TIM7_VS_ClockSourceINT.Mode=Enable_Timer
Mcu.IP4=SPI1
Mcu.IP5=SPI3
Mcu.IP2=NVIC
NVIC.SVCall_IRQn=true\:0\:0\:false\:false\:true\:false\:false
Mcu.IP3=RCC
PB4.GPIOParameters=GPIO_Label
Mcu.IP0=CAN1
PA12.Locked=true
Mcu.IP1=CAN2
PA12.Signal=CAN1_TX
Mcu.UserConstants=
PA4.Mode=NSS_Signal_Hard_Output
PC1.GPIOParameters=GPIO_Label
Mcu.ThirdPartyNb=0
RCC.SDIOFreq_Value=96000000
SPI1.Direction=SPI_DIRECTION_2LINES
Mcu.IPNb=14
TIM2.IPParameters=Channel-PWM Generation1 CH1,Channel-PWM Generation2 CH2
ProjectManager.PreviousToolchain=
SPI1.CalculateBaudRate=8.0 MBits/s
PC3.Signal=GPIO_Output
Mcu.Pin6=PA5
Mcu.Pin7=PA6
Mcu.Pin8=PA7
Mcu.Pin9=PC5
RCC.VCOSAIOutputFreq_Value=192000000
PH0-OSC_IN.Mode=HSE-External-Oscillator
PB13.Locked=true
Mcu.Pin0=PH0-OSC_IN
Mcu.Pin1=PH1-OSC_OUT
GPIO.groupedBy=Group By Peripherals
Mcu.Pin2=PC1
Mcu.Pin3=PC2
Mcu.Pin4=PC3
Mcu.Pin5=PA4
ProjectManager.ProjectBuild=false
NVIC.UsageFault_IRQn=true\:0\:0\:false\:false\:true\:false\:false
NVIC.DebugMonitor_IRQn=true\:0\:0\:false\:false\:true\:false\:false
PB3.Mode=Full_Duplex_Master
Mcu.IP10=TIM7
NVIC.SysTick_IRQn=true\:0\:0\:false\:false\:true\:false\:true
Mcu.IP12=TIM12
Mcu.IP11=TIM11
PB12.GPIO_Label=CAN_RX_2
ProjectManager.FirmwarePackage=STM32Cube FW_F4 V1.25.0
MxDb.Version=DB.5.0.60
PB0.GPIOParameters=GPIO_Label
VP_TIM7_VS_ClockSourceINT.Signal=TIM7_VS_ClockSourceINT
PB4.Mode=Full_Duplex_Master
Mcu.IP13=UART4
ProjectManager.BackupPrevious=false
RCC.VCOInputFreq_Value=1000000
PA14.Mode=Serial_Wire
PB1.GPIO_Label=BUTTON_1
PB5.Mode=Full_Duplex_Master
PC11.GPIO_Label=UART_RX
File.Version=6
PH1-OSC_OUT.Locked=true
SH.S_TIM4_CH2.0=TIM4_CH2,PWM Generation2 CH2
PB3.GPIOParameters=GPIO_Label
PB7.Signal=S_TIM4_CH2
PB8.Locked=true
RCC.PLLRCLKFreq_Value=96000000
SPI1.VirtualNSS=VM_NSSHARD
TIM2.Channel-PWM\ Generation1\ CH1=TIM_CHANNEL_1
NVIC.PendSV_IRQn=true\:0\:0\:false\:false\:true\:false\:false
ProjectManager.HalAssertFull=false
PB0.Locked=true
ProjectManager.ProjectName=Gimbal
PA13.GPIOParameters=GPIO_Label
PH1-OSC_OUT.Mode=HSE-External-Oscillator
PB7.GPIO_Label=ROLL_SERVO
Mcu.Package=LQFP64
PB9.Signal=S_TIM2_CH2
PB1.Signal=GPIO_Input
PA6.Signal=SPI1_MISO
PB12.Mode=Slave
PA7.Locked=true
PA5.Locked=true
SPI3.Mode=SPI_MODE_MASTER
PA14.Locked=true
ProjectManager.ToolChainLocation=
VP_SYS_VS_Systick.Signal=SYS_VS_Systick
VP_TIM11_VS_ClockSourceINT.Signal=TIM11_VS_ClockSourceINT
PA5.GPIOParameters=GPIO_Label
PC11.Mode=Asynchronous
PB5.GPIO_Label=ENC_MOSI
RCC.CECFreq_Value=32786.88524590164
NVIC.BusFault_IRQn=true\:0\:0\:false\:false\:true\:false\:false
SPI3.IPParameters=VirtualType,Mode,Direction,CalculateBaudRate
PC5.Signal=GPIO_Input
PB13.Mode=Slave
RCC.SAIBFreq_Value=96000000
PA4.GPIO_Label=IMU_CS
PC2.GPIO_Label=LED_G
ProjectManager.CustomerFirmwarePackage=
RCC.PLLSAIQCLKFreq_Value=96000000
PB3.Locked=true
PB4.Signal=SPI3_MISO
CAN1.CalculateTimeQuantum=1000.0
PA5.Mode=Full_Duplex_Master
PB3.GPIO_Label=ENC_SCK
PA6.GPIOParameters=GPIO_Label
ProjectManager.ProjectFileName=Gimbal.ioc
PB8.GPIOParameters=GPIO_Label
PA7.Mode=Full_Duplex_Master
UART4.IPParameters=VirtualMode
PB9.GPIO_Label=TILT_SERVO
PC10.GPIO_Label=UART_TX
Mcu.PinsNb=32
PC9.GPIO_Label=LED_1
ProjectManager.NoMain=false
PC11.Locked=true
SPI1.IPParameters=VirtualType,Mode,Direction,CalculateBaudRate,VirtualNSS
PC11.Signal=UART4_RX
CAN1.IPParameters=CalculateTimeQuantum
CAN2.IPParameters=CalculateTimeQuantum
RCC.VCOI2SInputFreq_Value=1000000
PC2.Signal=GPIO_Output
PC10.Mode=Asynchronous
VP_TIM6_VS_ClockSourceINT.Mode=Enable_Timer
PA11.GPIO_Label=CAN_RX_1
ProjectManager.DefaultFWLocation=true
PB12.Locked=true
ProjectManager.DeletePrevious=true
UART4.VirtualMode=Asynchronous
PC11.GPIOParameters=GPIO_Label
SH.S_TIM2_CH1_ETR.ConfNb=1
PA12.GPIO_Label=CAN_TX_1
RCC.FamilyName=M
VP_TIM11_VS_ClockSourceINT.Mode=Enable_Timer
PB9.GPIOParameters=GPIO_Label
PC3.GPIOParameters=GPIO_Label
VP_TIM6_VS_ClockSourceINT.Signal=TIM6_VS_ClockSourceINT
PA13.Signal=SYS_JTMS-SWDIO
PB8.GPIO_Label=PAN_SERVO
SH.S_TIM2_CH2.0=TIM2_CH2,PWM Generation2 CH2
PA11.Locked=true
ProjectManager.TargetToolchain=EWARM V8.32
TIM4.IPParameters=Channel-PWM Generation2 CH2
PB7.GPIOParameters=GPIO_Label
PC5.GPIOParameters=GPIO_Label
SH.S_TIM2_CH2.ConfNb=1
PB5.Locked=true
PB9.Locked=true
PC2.Locked=true
ProjectManager.RegisterCallBack=
RCC.USBFreq_Value=96000000
PB1.Locked=true
RCC.VCOI2SOutputFreq_Value=192000000
PA5.Signal=SPI1_SCK
RCC.PLLSAIPCLKFreq_Value=96000000
board=custom
RCC.VCOOutputFreq_Value=192000000
ProjectManager.LastFirmware=true
TIM4.Channel-PWM\ Generation2\ CH2=TIM_CHANNEL_2
SPI3.CalculateBaudRate=8.0 MBits/s
MxCube.Version=5.6.1
PB4.GPIO_Label=ENC_MISO
RCC.PLLI2SPCLKFreq_Value=96000000
SPI1.Mode=SPI_MODE_MASTER
PC2.GPIOParameters=GPIO_Label
Mcu.Pin30=VP_TIM11_VS_ClockSourceINT
PC1.GPIO_Label=LED_R
VP_SYS_VS_Systick.Mode=SysTick
CAN2.CalculateTimeQuantum=1000.0
PH1-OSC_OUT.Signal=RCC_OSC_OUT
Mcu.Pin31=VP_TIM12_VS_OPM
NVIC.NonMaskableInt_IRQn=true\:0\:0\:false\:false\:true\:false\:false
PA4.GPIOParameters=GPIO_Label
PC10.GPIOParameters=GPIO_Label
VP_TIM12_VS_OPM.Mode=OPM_bit
PA13.Mode=Serial_Wire
ProjectManager.FreePins=false
RCC.IPParameters=CECFreq_Value,CortexFreq_Value,FamilyName,PLLCLKFreq_Value,PLLI2SPCLKFreq_Value,PLLI2SQCLKFreq_Value,PLLI2SRCLKFreq_Value,PLLQCLKFreq_Value,PLLRCLKFreq_Value,PLLSAIPCLKFreq_Value,PLLSAIQCLKFreq_Value,SAIAFreq_Value,SAIBFreq_Value,SDIOFreq_Value,USBFreq_Value,VCOI2SInputFreq_Value,VCOI2SOutputFreq_Value,VCOInputFreq_Value,VCOOutputFreq_Value,VCOSAIInputFreq_Value,VCOSAIOutputFreq_Value
PC9.GPIOParameters=GPIO_Label
ProjectManager.AskForMigrate=true
Mcu.Name=STM32F446R(C-E)Tx
RCC.PLLI2SQCLKFreq_Value=96000000
Mcu.Pin26=PB9
Mcu.Pin27=VP_SYS_VS_Systick
VP_TIM12_VS_OPM.Signal=TIM12_VS_OPM
PA13.GPIO_Label=SWD_IO
Mcu.Pin24=PB7
ProjectManager.UnderRoot=false
Mcu.Pin25=PB8
Mcu.IP8=TIM4
Mcu.IP9=TIM6
Mcu.Pin28=VP_TIM6_VS_ClockSourceINT
Mcu.IP6=SYS
Mcu.Pin29=VP_TIM7_VS_ClockSourceINT
RCC.VCOSAIInputFreq_Value=1000000
Mcu.IP7=TIM2
ProjectManager.CoupleFile=false
PB4.Locked=true
PB3.Signal=SPI3_SCK
PA4.Signal=SPI1_NSS
PB5.Signal=SPI3_MOSI
Mcu.Pin22=PB4
Mcu.Pin23=PB5
PA7.GPIO_Label=IMU_SDO
Mcu.Pin20=PC11
Mcu.Pin21=PB3
PA12.Mode=Master
PA5.GPIO_Label=IMU_SCK
NVIC.ForceEnableDMAVector=true
KeepUserPlacement=false
PC5.GPIO_Label=IMU_FSYNC
PA14.GPIOParameters=GPIO_Label
NVIC.MemoryManagement_IRQn=true\:0\:0\:false\:false\:true\:false\:false
PA13.Locked=true
ProjectManager.CompilerOptimize=6
PA11.Signal=CAN1_RX
SH.S_TIM2_CH1_ETR.0=TIM2_CH1,PWM Generation1 CH1
PA14.Signal=SYS_JTCK-SWCLK
ProjectManager.HeapSize=0x200
Mcu.Pin15=PA11
NVIC.HardFault_IRQn=true\:0\:0\:false\:false\:true\:false\:false
Mcu.Pin16=PA12
Mcu.Pin13=PB13
Mcu.Pin14=PC9
Mcu.Pin19=PC10
ProjectManager.ComputerToolchain=false
Mcu.Pin17=PA13
Mcu.Pin18=PA14
NVIC.PriorityGroup=NVIC_PRIORITYGROUP_4
Mcu.Pin11=PB1
Mcu.Pin12=PB12
Mcu.Pin10=PB0
PB7.Locked=true
PB8.Signal=S_TIM2_CH1_ETR
PC3.GPIO_Label=LED_B
PC9.Signal=GPIO_Output
PB0.Signal=GPIO_Output
PA7.GPIOParameters=GPIO_Label
ProjectManager.DeviceId=STM32F446RETx
PC1.Signal=GPIO_Output
PB12.GPIOParameters=GPIO_Label
PB12.Signal=CAN2_RX
ProjectManager.LibraryCopy=0
PB1.GPIOParameters=GPIO_Label
PA7.Signal=SPI1_MOSI
PA6.Locked=true
