#MicroXplorer Configuration settings - do not modify
Mcu.Family=STM32F4
ProjectManager.MainLocation=Src
PH0-OSC_IN.Locked=true
PB13.GPIOParameters=GPIO_Label
PA6.Mode=Full_Duplex_Master
PC7.GPIOParameters=GPIO_Label
PH0-OSC_IN.Signal=RCC_OSC_IN
RCC.CortexFreq_Value=16000000
ProjectManager.KeepUserCode=true
Mcu.UserName=STM32F446RETx
SPI1.VirtualType=VM_MASTER
PC10.Locked=true
RCC.PLLCLKFreq_Value=96000000
PC10.Signal=UART4_TX
PA14.GPIO_Label=SWD_CLK
RCC.PLLQCLKFreq_Value=96000000
PC7.Locked=true
PA12.GPIOParameters=GPIO_Label
ProjectManager.functionlistsort=1-MX_GPIO_Init-GPIO-false-HAL-true,2-SystemClock_Config-RCC-false-HAL-false,3-MX_CAN1_Init-CAN1-false-HAL-true,4-MX_CAN2_Init-CAN2-false-HAL-true,5-MX_SPI1_Init-SPI1-false-HAL-true,6-MX_TIM4_Init-TIM4-false-HAL-true,7-MX_TIM6_Init-TIM6-false-HAL-true,8-MX_TIM7_Init-TIM7-false-HAL-true,9-MX_TIM12_Init-TIM12-false-HAL-true,10-MX_UART4_Init-UART4-false-HAL-true,11-MX_TIM11_Init-TIM11-false-HAL-true,12-MX_TIM3_Init-TIM3-false-HAL-true,13-MX_ADC1_Init-ADC1-false-HAL-true
PA11.GPIOParameters=GPIO_Label
PA11.Mode=Master
PA3.GPIOParameters=GPIO_Label
PA6.GPIO_Label=MISO
PB6.GPIO_Label=YAW_SERVO
RCC.PLLI2SRCLKFreq_Value=96000000
PC1.Locked=true
PB13.GPIO_Label=CAN_TX_B
PB13.Signal=CAN2_TX
RCC.SAIAFreq_Value=96000000
PA2.GPIOParameters=GPIO_Label
PinOutPanel.RotationAngle=0
ProjectManager.StackSize=0x400
PB5.GPIOParameters=GPIO_Label
VP_TIM7_VS_ClockSourceINT.Mode=Enable_Timer
Mcu.IP4=RCC
Mcu.IP5=SPI1
Mcu.IP2=CAN2
NVIC.SVCall_IRQn=true\:0\:0\:false\:false\:true\:false\:false
Mcu.IP3=NVIC
PA15.GPIO_Label=JTDI
PB4.GPIOParameters=GPIO_Label
Mcu.IP0=ADC1
PA12.Locked=true
Mcu.IP1=CAN1
PA12.Signal=CAN1_TX
Mcu.UserConstants=
SH.S_TIM3_CH2.ConfNb=1
PC1.GPIOParameters=GPIO_Label
Mcu.ThirdPartyNb=0
RCC.SDIOFreq_Value=96000000
SPI1.Direction=SPI_DIRECTION_2LINES
Mcu.IPNb=14
ProjectManager.PreviousToolchain=
PB6.Signal=S_TIM4_CH1
PC7.Signal=GPIO_Output
SPI1.CalculateBaudRate=8.0 MBits/s
Mcu.Pin6=PA3
Mcu.Pin7=PA5
Mcu.Pin8=PA6
Mcu.Pin9=PA7
RCC.VCOSAIOutputFreq_Value=192000000
PH0-OSC_IN.Mode=HSE-External-Oscillator
PB13.Locked=true
Mcu.Pin0=PH0-OSC_IN
Mcu.Pin1=PH1-OSC_OUT
TIM3.Channel-PWM\ Generation1\ CH1=TIM_CHANNEL_1
GPIO.groupedBy=Group By Peripherals
Mcu.Pin2=PC1
Mcu.Pin3=PA0-WKUP
Mcu.Pin4=PA1
PA0-WKUP.GPIOParameters=GPIO_Label
Mcu.Pin5=PA2
ProjectManager.ProjectBuild=false
NVIC.UsageFault_IRQn=true\:0\:0\:false\:false\:true\:false\:false
NVIC.DebugMonitor_IRQn=true\:0\:0\:false\:false\:true\:false\:false
PB3.Mode=JTAG_4_pins
Mcu.IP10=TIM7
PA15.Mode=JTAG_4_pins
NVIC.SysTick_IRQn=true\:0\:0\:false\:false\:true\:false\:true
Mcu.IP12=TIM12
Mcu.IP11=TIM11
PB12.GPIO_Label=CAN_RX_B
ProjectManager.FirmwarePackage=STM32Cube FW_F4 V1.25.0
MxDb.Version=DB.5.0.60
VP_TIM7_VS_ClockSourceINT.Signal=TIM7_VS_ClockSourceINT
PA1.GPIOParameters=GPIO_Label
Mcu.IP13=UART4
ProjectManager.BackupPrevious=false
RCC.VCOInputFreq_Value=1000000
PC4.GPIO_Label=ENC_CS
PA14.Mode=JTAG_4_pins
PC11.GPIO_Label=UART_RX
File.Version=6
PH1-OSC_OUT.Locked=true
SH.ADCx_IN11.ConfNb=1
PB3.GPIOParameters=GPIO_Label
RCC.PLLRCLKFreq_Value=96000000
PB6.Locked=true
NVIC.PendSV_IRQn=true\:0\:0\:false\:false\:true\:false\:false
SH.S_TIM3_CH1.0=TIM3_CH1,PWM Generation1 CH1
PB6.GPIOParameters=GPIO_Label
ProjectManager.HalAssertFull=false
ProjectManager.ProjectName=Gimbal
PA13.GPIOParameters=GPIO_Label
PH1-OSC_OUT.Mode=HSE-External-Oscillator
Mcu.Package=LQFP64
PA6.Signal=SPI1_MISO
PB12.Mode=Slave
PA7.Locked=true
PA5.Locked=true
PA14.Locked=true
ProjectManager.ToolChainLocation=
PA2.GPIO_Label=LED_R
VP_SYS_VS_Systick.Signal=SYS_VS_Systick
PA15.Signal=SYS_JTDI
VP_TIM11_VS_ClockSourceINT.Signal=TIM11_VS_ClockSourceINT
PA5.GPIOParameters=GPIO_Label
PC11.Mode=Asynchronous
PB5.GPIO_Label=ROLL_SERVO
SH.S_TIM4_CH1.0=TIM4_CH1,PWM Generation1 CH1
RCC.CECFreq_Value=32786.88524590164
NVIC.BusFault_IRQn=true\:0\:0\:false\:false\:true\:false\:false
PC4.Locked=true
PB13.Mode=Slave
RCC.SAIBFreq_Value=96000000
ProjectManager.CustomerFirmwarePackage=
PC4.GPIOParameters=GPIO_Label
RCC.PLLSAIQCLKFreq_Value=96000000
PB4.Signal=S_TIM3_CH1
PA3.Signal=GPIO_Input
CAN1.CalculateTimeQuantum=1000.0
PA5.Mode=Full_Duplex_Master
PA2.Locked=true
PB3.GPIO_Label=JTDO
PA6.GPIOParameters=GPIO_Label
TIM4.Channel-PWM\ Generation1\ CH1=TIM_CHANNEL_1
SH.S_TIM4_CH1.ConfNb=1
ProjectManager.ProjectFileName=Gimbal.ioc
PA7.Mode=Full_Duplex_Master
UART4.IPParameters=VirtualMode
PA15.GPIOParameters=GPIO_Label
PC10.GPIO_Label=UART_TX
Mcu.PinsNb=30
ProjectManager.NoMain=false
PC11.Locked=true
SPI1.IPParameters=VirtualType,Mode,Direction,CalculateBaudRate
ADC1.IPParameters=Rank-1\#ChannelRegularConversion,master,Channel-1\#ChannelRegularConversion,SamplingTime-1\#ChannelRegularConversion,NbrOfConversionFlag
PC11.Signal=UART4_RX
CAN1.IPParameters=CalculateTimeQuantum
CAN2.IPParameters=CalculateTimeQuantum
RCC.VCOI2SInputFreq_Value=1000000
PC4.Signal=GPIO_Output
PC10.Mode=Asynchronous
VP_TIM6_VS_ClockSourceINT.Mode=Enable_Timer
PA11.GPIO_Label=CAN_RX_A
ProjectManager.DefaultFWLocation=true
PB12.Locked=true
ProjectManager.DeletePrevious=true
UART4.VirtualMode=Asynchronous
PC11.GPIOParameters=GPIO_Label
PA12.GPIO_Label=CAN_TX_A
RCC.FamilyName=M
PA0-WKUP.GPIO_Label=LED_G
PA0-WKUP.Signal=GPIO_Output
VP_TIM11_VS_ClockSourceINT.Mode=Enable_Timer
PA0-WKUP.Locked=true
VP_TIM6_VS_ClockSourceINT.Signal=TIM6_VS_ClockSourceINT
PA13.Signal=SYS_JTMS-SWDIO
PA15.Locked=true
PA11.Locked=true
ProjectManager.TargetToolchain=EWARM V8.32
TIM4.IPParameters=Channel-PWM Generation1 CH1
ADC1.Channel-1\#ChannelRegularConversion=ADC_CHANNEL_11
PB5.Locked=true
ProjectManager.RegisterCallBack=
RCC.USBFreq_Value=96000000
PA1.Signal=GPIO_Output
RCC.VCOI2SOutputFreq_Value=192000000
PA5.Signal=SPI1_SCK
SH.S_TIM3_CH2.0=TIM3_CH2,PWM Generation2 CH2
RCC.PLLSAIPCLKFreq_Value=96000000
board=custom
RCC.VCOOutputFreq_Value=192000000
ProjectManager.LastFirmware=true
SH.ADCx_IN11.0=ADC1_IN11,IN11
MxCube.Version=5.6.1
PB4.GPIO_Label=PITCH_SERVO
RCC.PLLI2SPCLKFreq_Value=96000000
SPI1.Mode=SPI_MODE_MASTER
PC1.GPIO_Label=RAIL_5V
PA1.GPIO_Label=LED_B
VP_SYS_VS_Systick.Mode=SysTick
CAN2.CalculateTimeQuantum=1000.0
TIM3.IPParameters=Channel-PWM Generation1 CH1,Channel-PWM Generation2 CH2
PH1-OSC_OUT.Signal=RCC_OSC_OUT
NVIC.NonMaskableInt_IRQn=true\:0\:0\:false\:false\:true\:false\:false
PC10.GPIOParameters=GPIO_Label
VP_TIM12_VS_OPM.Mode=OPM_bit
PA13.Mode=JTAG_4_pins
ProjectManager.FreePins=false
RCC.IPParameters=CECFreq_Value,CortexFreq_Value,FamilyName,PLLCLKFreq_Value,PLLI2SPCLKFreq_Value,PLLI2SQCLKFreq_Value,PLLI2SRCLKFreq_Value,PLLQCLKFreq_Value,PLLRCLKFreq_Value,PLLSAIPCLKFreq_Value,PLLSAIQCLKFreq_Value,SAIAFreq_Value,SAIBFreq_Value,SDIOFreq_Value,USBFreq_Value,VCOI2SInputFreq_Value,VCOI2SOutputFreq_Value,VCOInputFreq_Value,VCOOutputFreq_Value,VCOSAIInputFreq_Value,VCOSAIOutputFreq_Value
ProjectManager.AskForMigrate=false
Mcu.Name=STM32F446R(C-E)Tx
RCC.PLLI2SQCLKFreq_Value=96000000
Mcu.Pin26=VP_TIM6_VS_ClockSourceINT
Mcu.Pin27=VP_TIM7_VS_ClockSourceINT
VP_TIM12_VS_OPM.Signal=TIM12_VS_OPM
PA2.Signal=GPIO_Output
PA13.GPIO_Label=SWD_IO
Mcu.Pin24=PB6
ProjectManager.UnderRoot=false
Mcu.Pin25=VP_SYS_VS_Systick
Mcu.IP8=TIM4
Mcu.IP9=TIM6
PC7.GPIO_Label=LED_1
Mcu.Pin28=VP_TIM11_VS_ClockSourceINT
Mcu.IP6=SYS
Mcu.Pin29=VP_TIM12_VS_OPM
RCC.VCOSAIInputFreq_Value=1000000
Mcu.IP7=TIM3
ProjectManager.CoupleFile=false
PB4.Locked=true
PB3.Signal=SYS_JTDO-SWO
ADC1.SamplingTime-1\#ChannelRegularConversion=ADC_SAMPLETIME_3CYCLES
Mcu.Pin22=PB4
PB5.Signal=S_TIM3_CH2
Mcu.Pin23=PB5
PA7.GPIO_Label=MOSI
PA1.Locked=true
Mcu.Pin20=PC11
ADC1.master=1
PA3.Locked=true
Mcu.Pin21=PB3
PA12.Mode=Master
PA5.GPIO_Label=SCK
NVIC.ForceEnableDMAVector=true
KeepUserPlacement=false
PA14.GPIOParameters=GPIO_Label
NVIC.MemoryManagement_IRQn=true\:0\:0\:false\:false\:true\:false\:false
PA13.Locked=true
ProjectManager.CompilerOptimize=6
ADC1.Rank-1\#ChannelRegularConversion=1
PA11.Signal=CAN1_RX
PA14.Signal=SYS_JTCK-SWCLK
ProjectManager.HeapSize=0x200
Mcu.Pin15=PA12
NVIC.HardFault_IRQn=true\:0\:0\:false\:false\:true\:false\:false
Mcu.Pin16=PA13
Mcu.Pin13=PC7
Mcu.Pin14=PA11
Mcu.Pin19=PC10
SH.S_TIM3_CH1.ConfNb=1
ProjectManager.ComputerToolchain=false
Mcu.Pin17=PA14
Mcu.Pin18=PA15
NVIC.PriorityGroup=NVIC_PRIORITYGROUP_4
ADC1.NbrOfConversionFlag=1
Mcu.Pin11=PB12
TIM3.Channel-PWM\ Generation2\ CH2=TIM_CHANNEL_2
Mcu.Pin12=PB13
Mcu.Pin10=PC4
PA7.GPIOParameters=GPIO_Label
ProjectManager.DeviceId=STM32F446RETx
PC1.Signal=ADCx_IN11
PB12.GPIOParameters=GPIO_Label
PB12.Signal=CAN2_RX
ProjectManager.LibraryCopy=0
PA3.GPIO_Label=BUTTON_1
PA7.Signal=SPI1_MOSI
PA6.Locked=true
